// !$*UTF8*$!
{
	archiveVersion = 1;
	classes = {
	};
	objectVersion = 46;
	objects = {

/* Begin PBXBuildFile section */
		3AEF209F1DB1EE47009CDEE9 /* AppDelegate.swift in Sources */ = {isa = PBXBuildFile; fileRef = 3AEF209E1DB1EE47009CDEE9 /* AppDelegate.swift */; };
		3AEF20A11DB1EE47009CDEE9 /* ViewController.swift in Sources */ = {isa = PBXBuildFile; fileRef = 3AEF20A01DB1EE47009CDEE9 /* ViewController.swift */; };
		3AEF20A41DB1EE47009CDEE9 /* Main.storyboard in Resources */ = {isa = PBXBuildFile; fileRef = 3AEF20A21DB1EE47009CDEE9 /* Main.storyboard */; };
		3AEF20A61DB1EE47009CDEE9 /* Assets.xcassets in Resources */ = {isa = PBXBuildFile; fileRef = 3AEF20A51DB1EE47009CDEE9 /* Assets.xcassets */; };
		3AEF20A91DB1EE47009CDEE9 /* LaunchScreen.storyboard in Resources */ = {isa = PBXBuildFile; fileRef = 3AEF20A71DB1EE47009CDEE9 /* LaunchScreen.storyboard */; };
		3AEF20C31DB1F060009CDEE9 /* ToDoItemTest.swift in Sources */ = {isa = PBXBuildFile; fileRef = 3AEF20C21DB1F060009CDEE9 /* ToDoItemTest.swift */; };
		3AEF20C61DB1F0EA009CDEE9 /* ToDoItem.swift in Sources */ = {isa = PBXBuildFile; fileRef = 3AEF20C51DB1F0EA009CDEE9 /* ToDoItem.swift */; };
/* End PBXBuildFile section */

/* Begin PBXContainerItemProxy section */
		3AEF20B01DB1EE47009CDEE9 /* PBXContainerItemProxy */ = {
			isa = PBXContainerItemProxy;
			containerPortal = 3AEF20931DB1EE47009CDEE9 /* Project object */;
			proxyType = 1;
			remoteGlobalIDString = 3AEF209A1DB1EE47009CDEE9;
			remoteInfo = ToDo;
		};
/* End PBXContainerItemProxy section */

/* Begin PBXFileReference section */
		3AEF209B1DB1EE47009CDEE9 /* ToDo.app */ = {isa = PBXFileReference; explicitFileType = wrapper.application; includeInIndex = 0; path = ToDo.app; sourceTree = BUILT_PRODUCTS_DIR; };
		3AEF209E1DB1EE47009CDEE9 /* AppDelegate.swift */ = {isa = PBXFileReference; lastKnownFileType = sourcecode.swift; path = AppDelegate.swift; sourceTree = "<group>"; };
		3AEF20A01DB1EE47009CDEE9 /* ViewController.swift */ = {isa = PBXFileReference; lastKnownFileType = sourcecode.swift; path = ViewController.swift; sourceTree = "<group>"; };
		3AEF20A31DB1EE47009CDEE9 /* Base */ = {isa = PBXFileReference; lastKnownFileType = file.storyboard; name = Base; path = Base.lproj/Main.storyboard; sourceTree = "<group>"; };
		3AEF20A51DB1EE47009CDEE9 /* Assets.xcassets */ = {isa = PBXFileReference; lastKnownFileType = folder.assetcatalog; path = Assets.xcassets; sourceTree = "<group>"; };
		3AEF20A81DB1EE47009CDEE9 /* Base */ = {isa = PBXFileReference; lastKnownFileType = file.storyboard; name = Base; path = Base.lproj/LaunchScreen.storyboard; sourceTree = "<group>"; };
		3AEF20AA1DB1EE47009CDEE9 /* Info.plist */ = {isa = PBXFileReference; lastKnownFileType = text.plist.xml; path = Info.plist; sourceTree = "<group>"; };
		3AEF20AF1DB1EE47009CDEE9 /* ToDoTests.xctest */ = {isa = PBXFileReference; explicitFileType = wrapper.cfbundle; includeInIndex = 0; path = ToDoTests.xctest; sourceTree = BUILT_PRODUCTS_DIR; };
		3AEF20B51DB1EE47009CDEE9 /* Info.plist */ = {isa = PBXFileReference; lastKnownFileType = text.plist.xml; path = Info.plist; sourceTree = "<group>"; };
		3AEF20C21DB1F060009CDEE9 /* ToDoItemTest.swift */ = {isa = PBXFileReference; fileEncoding = 4; lastKnownFileType = sourcecode.swift; path = ToDoItemTest.swift; sourceTree = "<group>"; };
		3AEF20C51DB1F0EA009CDEE9 /* ToDoItem.swift */ = {isa = PBXFileReference; fileEncoding = 4; lastKnownFileType = sourcecode.swift; path = ToDoItem.swift; sourceTree = "<group>"; };
/* End PBXFileReference section */

/* Begin PBXFrameworksBuildPhase section */
		3AEF20981DB1EE47009CDEE9 /* Frameworks */ = {
			isa = PBXFrameworksBuildPhase;
			buildActionMask = 2147483647;
			files = (
			);
			runOnlyForDeploymentPostprocessing = 0;
		};
		3AEF20AC1DB1EE47009CDEE9 /* Frameworks */ = {
			isa = PBXFrameworksBuildPhase;
			buildActionMask = 2147483647;
			files = (
			);
			runOnlyForDeploymentPostprocessing = 0;
		};
/* End PBXFrameworksBuildPhase section */

/* Begin PBXGroup section */
		3AEF20921DB1EE47009CDEE9 = {
			isa = PBXGroup;
			children = (
				3AEF209D1DB1EE47009CDEE9 /* ToDo */,
				3AEF20B21DB1EE47009CDEE9 /* ToDoTests */,
				3AEF209C1DB1EE47009CDEE9 /* Products */,
			);
			sourceTree = "<group>";
		};
		3AEF209C1DB1EE47009CDEE9 /* Products */ = {
			isa = PBXGroup;
			children = (
				3AEF209B1DB1EE47009CDEE9 /* ToDo.app */,
				3AEF20AF1DB1EE47009CDEE9 /* ToDoTests.xctest */,
			);
			name = Products;
			sourceTree = "<group>";
		};
		3AEF209D1DB1EE47009CDEE9 /* ToDo */ = {
			isa = PBXGroup;
			children = (
				3AEF20C41DB1F0BE009CDEE9 /* Model */,
				3AEF209E1DB1EE47009CDEE9 /* AppDelegate.swift */,
				3AEF20A01DB1EE47009CDEE9 /* ViewController.swift */,
				3AEF20A21DB1EE47009CDEE9 /* Main.storyboard */,
				3AEF20A51DB1EE47009CDEE9 /* Assets.xcassets */,
				3AEF20A71DB1EE47009CDEE9 /* LaunchScreen.storyboard */,
				3AEF20AA1DB1EE47009CDEE9 /* Info.plist */,
			);
			path = ToDo;
			sourceTree = "<group>";
		};
		3AEF20B21DB1EE47009CDEE9 /* ToDoTests */ = {
			isa = PBXGroup;
			children = (
				3AEF20C11DB1F054009CDEE9 /* Model */,
				3AEF20B51DB1EE47009CDEE9 /* Info.plist */,
			);
			path = ToDoTests;
			sourceTree = "<group>";
		};
		3AEF20C11DB1F054009CDEE9 /* Model */ = {
			isa = PBXGroup;
			children = (
				3AEF20C21DB1F060009CDEE9 /* ToDoItemTest.swift */,
			);
			path = Model;
			sourceTree = "<group>";
		};
		3AEF20C41DB1F0BE009CDEE9 /* Model */ = {
			isa = PBXGroup;
			children = (
				3AEF20C51DB1F0EA009CDEE9 /* ToDoItem.swift */,
			);
			path = Model;
			sourceTree = "<group>";
		};
/* End PBXGroup section */

/* Begin PBXNativeTarget section */
		3AEF209A1DB1EE47009CDEE9 /* ToDo */ = {
			isa = PBXNativeTarget;
			buildConfigurationList = 3AEF20B81DB1EE47009CDEE9 /* Build configuration list for PBXNativeTarget "ToDo" */;
			buildPhases = (
				3AEF20971DB1EE47009CDEE9 /* Sources */,
				3AEF20981DB1EE47009CDEE9 /* Frameworks */,
				3AEF20991DB1EE47009CDEE9 /* Resources */,
			);
			buildRules = (
			);
			dependencies = (
			);
			name = ToDo;
			productName = ToDo;
			productReference = 3AEF209B1DB1EE47009CDEE9 /* ToDo.app */;
			productType = "com.apple.product-type.application";
		};
		3AEF20AE1DB1EE47009CDEE9 /* ToDoTests */ = {
			isa = PBXNativeTarget;
			buildConfigurationList = 3AEF20BB1DB1EE47009CDEE9 /* Build configuration list for PBXNativeTarget "ToDoTests" */;
			buildPhases = (
				3AEF20AB1DB1EE47009CDEE9 /* Sources */,
				3AEF20AC1DB1EE47009CDEE9 /* Frameworks */,
				3AEF20AD1DB1EE47009CDEE9 /* Resources */,
			);
			buildRules = (
			);
			dependencies = (
				3AEF20B11DB1EE47009CDEE9 /* PBXTargetDependency */,
			);
			name = ToDoTests;
			productName = ToDoTests;
			productReference = 3AEF20AF1DB1EE47009CDEE9 /* ToDoTests.xctest */;
			productType = "com.apple.product-type.bundle.unit-test";
		};
/* End PBXNativeTarget section */

/* Begin PBXProject section */
		3AEF20931DB1EE47009CDEE9 /* Project object */ = {
			isa = PBXProject;
			attributes = {
				LastSwiftUpdateCheck = 0800;
				LastUpgradeCheck = 0800;
				ORGANIZATIONNAME = "Mark Siu";
				TargetAttributes = {
					3AEF209A1DB1EE47009CDEE9 = {
						CreatedOnToolsVersion = 8.0;
						ProvisioningStyle = Automatic;
					};
					3AEF20AE1DB1EE47009CDEE9 = {
						CreatedOnToolsVersion = 8.0;
						LastSwiftMigration = 0800;
						ProvisioningStyle = Automatic;
						TestTargetID = 3AEF209A1DB1EE47009CDEE9;
					};
				};
			};
			buildConfigurationList = 3AEF20961DB1EE47009CDEE9 /* Build configuration list for PBXProject "ToDo" */;
			compatibilityVersion = "Xcode 3.2";
			developmentRegion = English;
			hasScannedForEncodings = 0;
			knownRegions = (
				en,
				Base,
			);
			mainGroup = 3AEF20921DB1EE47009CDEE9;
			productRefGroup = 3AEF209C1DB1EE47009CDEE9 /* Products */;
			projectDirPath = "";
			projectRoot = "";
			targets = (
				3AEF209A1DB1EE47009CDEE9 /* ToDo */,
				3AEF20AE1DB1EE47009CDEE9 /* ToDoTests */,
			);
		};
/* End PBXProject section */

/* Begin PBXResourcesBuildPhase section */
		3AEF20991DB1EE47009CDEE9 /* Resources */ = {
			isa = PBXResourcesBuildPhase;
			buildActionMask = 2147483647;
			files = (
				3AEF20A91DB1EE47009CDEE9 /* LaunchScreen.storyboard in Resources */,
				3AEF20A61DB1EE47009CDEE9 /* Assets.xcassets in Resources */,
				3AEF20A41DB1EE47009CDEE9 /* Main.storyboard in Resources */,
			);
			runOnlyForDeploymentPostprocessing = 0;
		};
		3AEF20AD1DB1EE47009CDEE9 /* Resources */ = {
			isa = PBXResourcesBuildPhase;
			buildActionMask = 2147483647;
			files = (
			);
			runOnlyForDeploymentPostprocessing = 0;
		};
/* End PBXResourcesBuildPhase section */

/* Begin PBXSourcesBuildPhase section */
		3AEF20971DB1EE47009CDEE9 /* Sources */ = {
			isa = PBXSourcesBuildPhase;
			buildActionMask = 2147483647;
			files = (
				3AEF20A11DB1EE47009CDEE9 /* ViewController.swift in Sources */,
				3AEF209F1DB1EE47009CDEE9 /* AppDelegate.swift in Sources */,
				3AEF20C61DB1F0EA009CDEE9 /* ToDoItem.swift in Sources */,
			);
			runOnlyForDeploymentPostprocessing = 0;
		};
		3AEF20AB1DB1EE47009CDEE9 /* Sources */ = {
			isa = PBXSourcesBuildPhase;
			buildActionMask = 2147483647;
			files = (
				3AEF20C31DB1F060009CDEE9 /* ToDoItemTest.swift in Sources */,
			);
			runOnlyForDeploymentPostprocessing = 0;
		};
/* End PBXSourcesBuildPhase section */

/* Begin PBXTargetDependency section */
		3AEF20B11DB1EE47009CDEE9 /* PBXTargetDependency */ = {
			isa = PBXTargetDependency;
			target = 3AEF209A1DB1EE47009CDEE9 /* ToDo */;
			targetProxy = 3AEF20B01DB1EE47009CDEE9 /* PBXContainerItemProxy */;
		};
/* End PBXTargetDependency section */

/* Begin PBXVariantGroup section */
		3AEF20A21DB1EE47009CDEE9 /* Main.storyboard */ = {
			isa = PBXVariantGroup;
			children = (
				3AEF20A31DB1EE47009CDEE9 /* Base */,
			);
			name = Main.storyboard;
			sourceTree = "<group>";
		};
		3AEF20A71DB1EE47009CDEE9 /* LaunchScreen.storyboard */ = {
			isa = PBXVariantGroup;
			children = (
				3AEF20A81DB1EE47009CDEE9 /* Base */,
			);
			name = LaunchScreen.storyboard;
			sourceTree = "<group>";
		};
/* End PBXVariantGroup section */

/* Begin XCBuildConfiguration section */
		3AEF20B61DB1EE47009CDEE9 /* Debug */ = {
			isa = XCBuildConfiguration;
			buildSettings = {
				ALWAYS_SEARCH_USER_PATHS = NO;
				CLANG_ANALYZER_NONNULL = YES;
				CLANG_CXX_LANGUAGE_STANDARD = "gnu++0x";
				CLANG_CXX_LIBRARY = "libc++";
				CLANG_ENABLE_MODULES = YES;
				CLANG_ENABLE_OBJC_ARC = YES;
				CLANG_WARN_BOOL_CONVERSION = YES;
				CLANG_WARN_CONSTANT_CONVERSION = YES;
				CLANG_WARN_DIRECT_OBJC_ISA_USAGE = YES_ERROR;
				CLANG_WARN_DOCUMENTATION_COMMENTS = YES;
				CLANG_WARN_EMPTY_BODY = YES;
				CLANG_WARN_ENUM_CONVERSION = YES;
				CLANG_WARN_INFINITE_RECURSION = YES;
				CLANG_WARN_INT_CONVERSION = YES;
				CLANG_WARN_OBJC_ROOT_CLASS = YES_ERROR;
				CLANG_WARN_SUSPICIOUS_MOVES = YES;
				CLANG_WARN_UNREACHABLE_CODE = YES;
				CLANG_WARN__DUPLICATE_METHOD_MATCH = YES;
				"CODE_SIGN_IDENTITY[sdk=iphoneos*]" = "iPhone Developer";
				COPY_PHASE_STRIP = NO;
				DEBUG_INFORMATION_FORMAT = dwarf;
				ENABLE_STRICT_OBJC_MSGSEND = YES;
				ENABLE_TESTABILITY = YES;
				GCC_C_LANGUAGE_STANDARD = gnu99;
				GCC_DYNAMIC_NO_PIC = NO;
				GCC_NO_COMMON_BLOCKS = YES;
				GCC_OPTIMIZATION_LEVEL = 0;
				GCC_PREPROCESSOR_DEFINITIONS = (
					"DEBUG=1",
					"$(inherited)",
				);
				GCC_WARN_64_TO_32_BIT_CONVERSION = YES;
				GCC_WARN_ABOUT_RETURN_TYPE = YES_ERROR;
				GCC_WARN_UNDECLARED_SELECTOR = YES;
				GCC_WARN_UNINITIALIZED_AUTOS = YES_AGGRESSIVE;
				GCC_WARN_UNUSED_FUNCTION = YES;
				GCC_WARN_UNUSED_VARIABLE = YES;
				IPHONEOS_DEPLOYMENT_TARGET = 10.0;
				MTL_ENABLE_DEBUG_INFO = YES;
				ONLY_ACTIVE_ARCH = YES;
				SDKROOT = iphoneos;
				SWIFT_ACTIVE_COMPILATION_CONDITIONS = DEBUG;
				SWIFT_OPTIMIZATION_LEVEL = "-Onone";
			};
			name = Debug;
		};
		3AEF20B71DB1EE47009CDEE9 /* Release */ = {
			isa = XCBuildConfiguration;
			buildSettings = {
				ALWAYS_SEARCH_USER_PATHS = NO;
				CLANG_ANALYZER_NONNULL = YES;
				CLANG_CXX_LANGUAGE_STANDARD = "gnu++0x";
				CLANG_CXX_LIBRARY = "libc++";
				CLANG_ENABLE_MODULES = YES;
				CLANG_ENABLE_OBJC_ARC = YES;
				CLANG_WARN_BOOL_CONVERSION = YES;
				CLANG_WARN_CONSTANT_CONVERSION = YES;
				CLANG_WARN_DIRECT_OBJC_ISA_USAGE = YES_ERROR;
				CLANG_WARN_DOCUMENTATION_COMMENTS = YES;
				CLANG_WARN_EMPTY_BODY = YES;
				CLANG_WARN_ENUM_CONVERSION = YES;
				CLANG_WARN_INFINITE_RECURSION = YES;
				CLANG_WARN_INT_CONVERSION = YES;
				CLANG_WARN_OBJC_ROOT_CLASS = YES_ERROR;
				CLANG_WARN_SUSPICIOUS_MOVES = YES;
				CLANG_WARN_UNREACHABLE_CODE = YES;
				CLANG_WARN__DUPLICATE_METHOD_MATCH = YES;
				"CODE_SIGN_IDENTITY[sdk=iphoneos*]" = "iPhone Developer";
				COPY_PHASE_STRIP = NO;
				DEBUG_INFORMATION_FORMAT = "dwarf-with-dsym";
				ENABLE_NS_ASSERTIONS = NO;
				ENABLE_STRICT_OBJC_MSGSEND = YES;
				GCC_C_LANGUAGE_STANDARD = gnu99;
				GCC_NO_COMMON_BLOCKS = YES;
				GCC_WARN_64_TO_32_BIT_CONVERSION = YES;
				GCC_WARN_ABOUT_RETURN_TYPE = YES_ERROR;
				GCC_WARN_UNDECLARED_SELECTOR = YES;
				GCC_WARN_UNINITIALIZED_AUTOS = YES_AGGRESSIVE;
				GCC_WARN_UNUSED_FUNCTION = YES;
				GCC_WARN_UNUSED_VARIABLE = YES;
				IPHONEOS_DEPLOYMENT_TARGET = 10.0;
				MTL_ENABLE_DEBUG_INFO = NO;
				SDKROOT = iphoneos;
				SWIFT_OPTIMIZATION_LEVEL = "-Owholemodule";
				VALIDATE_PRODUCT = YES;
			};
			name = Release;
		};
		3AEF20B91DB1EE47009CDEE9 /* Debug */ = {
			isa = XCBuildConfiguration;
			buildSettings = {
				ASSETCATALOG_COMPILER_APPICON_NAME = AppIcon;
				INFOPLIST_FILE = ToDo/Info.plist;
				LD_RUNPATH_SEARCH_PATHS = "$(inherited) @executable_path/Frameworks";
				PRODUCT_BUNDLE_IDENTIFIER = com.tdd.ToDo;
				PRODUCT_NAME = "$(TARGET_NAME)";
				SWIFT_VERSION = 3.0;
			};
			name = Debug;
		};
		3AEF20BA1DB1EE47009CDEE9 /* Release */ = {
			isa = XCBuildConfiguration;
			buildSettings = {
				ASSETCATALOG_COMPILER_APPICON_NAME = AppIcon;
				INFOPLIST_FILE = ToDo/Info.plist;
				LD_RUNPATH_SEARCH_PATHS = "$(inherited) @executable_path/Frameworks";
				PRODUCT_BUNDLE_IDENTIFIER = com.tdd.ToDo;
				PRODUCT_NAME = "$(TARGET_NAME)";
				SWIFT_VERSION = 3.0;
			};
			name = Release;
		};
		3AEF20BC1DB1EE47009CDEE9 /* Debug */ = {
			isa = XCBuildConfiguration;
			buildSettings = {
				ALWAYS_EMBED_SWIFT_STANDARD_LIBRARIES = YES;
				BUNDLE_LOADER = "$(TEST_HOST)";
				CLANG_ENABLE_MODULES = YES;
				INFOPLIST_FILE = ToDoTests/Info.plist;
				LD_RUNPATH_SEARCH_PATHS = "$(inherited) @executable_path/Frameworks @loader_path/Frameworks";
				PRODUCT_BUNDLE_IDENTIFIER = com.tdd.ToDoTests;
				PRODUCT_NAME = "$(TARGET_NAME)";
				SWIFT_OPTIMIZATION_LEVEL = "-Onone";
				SWIFT_VERSION = 3.0;
				TEST_HOST = "$(BUILT_PRODUCTS_DIR)/ToDo.app/ToDo";
			};
			name = Debug;
		};
		3AEF20BD1DB1EE47009CDEE9 /* Release */ = {
			isa = XCBuildConfiguration;
			buildSettings = {
				ALWAYS_EMBED_SWIFT_STANDARD_LIBRARIES = YES;
				BUNDLE_LOADER = "$(TEST_HOST)";
				CLANG_ENABLE_MODULES = YES;
				INFOPLIST_FILE = ToDoTests/Info.plist;
				LD_RUNPATH_SEARCH_PATHS = "$(inherited) @executable_path/Frameworks @loader_path/Frameworks";
				PRODUCT_BUNDLE_IDENTIFIER = com.tdd.ToDoTests;
				PRODUCT_NAME = "$(TARGET_NAME)";
				SWIFT_VERSION = 3.0;
				TEST_HOST = "$(BUILT_PRODUCTS_DIR)/ToDo.app/ToDo";
			};
			name = Release;
		};
/* End XCBuildConfiguration section */

/* Begin XCConfigurationList section */
		3AEF20961DB1EE47009CDEE9 /* Build configuration list for PBXProject "ToDo" */ = {
			isa = XCConfigurationList;
			buildConfigurations = (
				3AEF20B61DB1EE47009CDEE9 /* Debug */,
				3AEF20B71DB1EE47009CDEE9 /* Release */,
			);
			defaultConfigurationIsVisible = 0;
			defaultConfigurationName = Release;
		};
		3AEF20B81DB1EE47009CDEE9 /* Build configuration list for PBXNativeTarget "ToDo" */ = {
			isa = XCConfigurationList;
			buildConfigurations = (
				3AEF20B91DB1EE47009CDEE9 /* Debug */,
				3AEF20BA1DB1EE47009CDEE9 /* Release */,
			);
			defaultConfigurationIsVisible = 0;
		};
		3AEF20BB1DB1EE47009CDEE9 /* Build configuration list for PBXNativeTarget "ToDoTests" */ = {
			isa = XCConfigurationList;
			buildConfigurations = (
				3AEF20BC1DB1EE47009CDEE9 /* Debug */,
				3AEF20BD1DB1EE47009CDEE9 /* Release */,
			);
			defaultConfigurationIsVisible = 0;
		};
/* End XCConfigurationList section */
	};
	rootObject = 3AEF20931DB1EE47009CDEE9 /* Project object */;
}
